
Microsoft Visual Studio Solution File, Format Version 12.00
# Visual Studio 15
VisualStudioVersion = 15.0.26430.16
MinimumVisualStudioVersion = 10.0.40219.1
Project("{FAE04EC0-301F-11D3-BF4B-00C04F79EFBC}") = "Pokedex.Android", "Pokedex\Pokedex.Android\Pokedex.Android.csproj", "{F12C6311-1933-4171-9781-FAD9D124C7FD}"
EndProject
Project("{FAE04EC0-301F-11D3-BF4B-00C04F79EFBC}") = "Pokedex", "Pokedex\Pokedex\Pokedex.csproj", "{202C67A5-FB4F-4382-9EF7-42EFD6E3163D}"
EndProject
Project("{FAE04EC0-301F-11D3-BF4B-00C04F79EFBC}") = "Pokedex.UWP", "Pokedex\Pokedex.UWP\Pokedex.UWP.csproj", "{6E5487D7-5864-4E63-B3D8-ED704A84C875}"
EndProject
Project("{FAE04EC0-301F-11D3-BF4B-00C04F79EFBC}") = "Pokedex.iOS", "Pokedex\Pokedex.iOS\Pokedex.iOS.csproj", "{05CA6AC9-ECC0-456F-8092-220D4846A899}"
EndProject
Global
	GlobalSection(SolutionConfigurationPlatforms) = preSolution
		Ad-Hoc|Any CPU = Ad-Hoc|Any CPU
		Ad-Hoc|ARM = Ad-Hoc|ARM
		Ad-Hoc|iPhone = Ad-Hoc|iPhone
		Ad-Hoc|iPhoneSimulator = Ad-Hoc|iPhoneSimulator
		Ad-Hoc|x64 = Ad-Hoc|x64
		Ad-Hoc|x86 = Ad-Hoc|x86
		AppStore|Any CPU = AppStore|Any CPU
		AppStore|ARM = AppStore|ARM
		AppStore|iPhone = AppStore|iPhone
		AppStore|iPhoneSimulator = AppStore|iPhoneSimulator
		AppStore|x64 = AppStore|x64
		AppStore|x86 = AppStore|x86
		Debug|Any CPU = Debug|Any CPU
		Debug|ARM = Debug|ARM
		Debug|iPhone = Debug|iPhone
		Debug|iPhoneSimulator = Debug|iPhoneSimulator
		Debug|x64 = Debug|x64
		Debug|x86 = Debug|x86
		Release|Any CPU = Release|Any CPU
		Release|ARM = Release|ARM
		Release|iPhone = Release|iPhone
		Release|iPhoneSimulator = Release|iPhoneSimulator
		Release|x64 = Release|x64
		Release|x86 = Release|x86
	EndGlobalSection
	GlobalSection(ProjectConfigurationPlatforms) = postSolution
		{F12C6311-1933-4171-9781-FAD9D124C7FD}.Ad-Hoc|Any CPU.ActiveCfg = Release|Any CPU
		{F12C6311-1933-4171-9781-FAD9D124C7FD}.Ad-Hoc|Any CPU.Build.0 = Release|Any CPU
		{F12C6311-1933-4171-9781-FAD9D124C7FD}.Ad-Hoc|Any CPU.Deploy.0 = Release|Any CPU
		{F12C6311-1933-4171-9781-FAD9D124C7FD}.Ad-Hoc|ARM.ActiveCfg = Release|Any CPU
		{F12C6311-1933-4171-9781-FAD9D124C7FD}.Ad-Hoc|ARM.Build.0 = Release|Any CPU
		{F12C6311-1933-4171-9781-FAD9D124C7FD}.Ad-Hoc|ARM.Deploy.0 = Release|Any CPU
		{F12C6311-1933-4171-9781-FAD9D124C7FD}.Ad-Hoc|iPhone.ActiveCfg = Release|Any CPU
		{F12C6311-1933-4171-9781-FAD9D124C7FD}.Ad-Hoc|iPhone.Build.0 = Release|Any CPU
		{F12C6311-1933-4171-9781-FAD9D124C7FD}.Ad-Hoc|iPhone.Deploy.0 = Release|Any CPU
		{F12C6311-1933-4171-9781-FAD9D124C7FD}.Ad-Hoc|iPhoneSimulator.ActiveCfg = Release|Any CPU
		{F12C6311-1933-4171-9781-FAD9D124C7FD}.Ad-Hoc|iPhoneSimulator.Build.0 = Release|Any CPU
		{F12C6311-1933-4171-9781-FAD9D124C7FD}.Ad-Hoc|iPhoneSimulator.Deploy.0 = Release|Any CPU
		{F12C6311-1933-4171-9781-FAD9D124C7FD}.Ad-Hoc|x64.ActiveCfg = Release|Any CPU
		{F12C6311-1933-4171-9781-FAD9D124C7FD}.Ad-Hoc|x64.Build.0 = Release|Any CPU
		{F12C6311-1933-4171-9781-FAD9D124C7FD}.Ad-Hoc|x64.Deploy.0 = Release|Any CPU
		{F12C6311-1933-4171-9781-FAD9D124C7FD}.Ad-Hoc|x86.ActiveCfg = Release|Any CPU
		{F12C6311-1933-4171-9781-FAD9D124C7FD}.Ad-Hoc|x86.Build.0 = Release|Any CPU
		{F12C6311-1933-4171-9781-FAD9D124C7FD}.Ad-Hoc|x86.Deploy.0 = Release|Any CPU
		{F12C6311-1933-4171-9781-FAD9D124C7FD}.AppStore|Any CPU.ActiveCfg = Release|Any CPU
		{F12C6311-1933-4171-9781-FAD9D124C7FD}.AppStore|Any CPU.Build.0 = Release|Any CPU
		{F12C6311-1933-4171-9781-FAD9D124C7FD}.AppStore|Any CPU.Deploy.0 = Release|Any CPU
		{F12C6311-1933-4171-9781-FAD9D124C7FD}.AppStore|ARM.ActiveCfg = Release|Any CPU
		{F12C6311-1933-4171-9781-FAD9D124C7FD}.AppStore|ARM.Build.0 = Release|Any CPU
		{F12C6311-1933-4171-9781-FAD9D124C7FD}.AppStore|ARM.Deploy.0 = Release|Any CPU
		{F12C6311-1933-4171-9781-FAD9D124C7FD}.AppStore|iPhone.ActiveCfg = Release|Any CPU
		{F12C6311-1933-4171-9781-FAD9D124C7FD}.AppStore|iPhone.Build.0 = Release|Any CPU
		{F12C6311-1933-4171-9781-FAD9D124C7FD}.AppStore|iPhone.Deploy.0 = Release|Any CPU
		{F12C6311-1933-4171-9781-FAD9D124C7FD}.AppStore|iPhoneSimulator.ActiveCfg = Release|Any CPU
		{F12C6311-1933-4171-9781-FAD9D124C7FD}.AppStore|iPhoneSimulator.Build.0 = Release|Any CPU
		{F12C6311-1933-4171-9781-FAD9D124C7FD}.AppStore|iPhoneSimulator.Deploy.0 = Release|Any CPU
		{F12C6311-1933-4171-9781-FAD9D124C7FD}.AppStore|x64.ActiveCfg = Release|Any CPU
		{F12C6311-1933-4171-9781-FAD9D124C7FD}.AppStore|x64.Build.0 = Release|Any CPU
		{F12C6311-1933-4171-9781-FAD9D124C7FD}.AppStore|x64.Deploy.0 = Release|Any CPU
		{F12C6311-1933-4171-9781-FAD9D124C7FD}.AppStore|x86.ActiveCfg = Release|Any CPU
		{F12C6311-1933-4171-9781-FAD9D124C7FD}.AppStore|x86.Build.0 = Release|Any CPU
		{F12C6311-1933-4171-9781-FAD9D124C7FD}.AppStore|x86.Deploy.0 = Release|Any CPU
		{F12C6311-1933-4171-9781-FAD9D124C7FD}.Debug|Any CPU.ActiveCfg = Debug|Any CPU
		{F12C6311-1933-4171-9781-FAD9D124C7FD}.Debug|Any CPU.Build.0 = Debug|Any CPU
		{F12C6311-1933-4171-9781-FAD9D124C7FD}.Debug|Any CPU.Deploy.0 = Debug|Any CPU
		{F12C6311-1933-4171-9781-FAD9D124C7FD}.Debug|ARM.ActiveCfg = Debug|Any CPU
		{F12C6311-1933-4171-9781-FAD9D124C7FD}.Debug|ARM.Build.0 = Debug|Any CPU
		{F12C6311-1933-4171-9781-FAD9D124C7FD}.Debug|ARM.Deploy.0 = Debug|Any CPU
		{F12C6311-1933-4171-9781-FAD9D124C7FD}.Debug|iPhone.ActiveCfg = Debug|Any CPU
		{F12C6311-1933-4171-9781-FAD9D124C7FD}.Debug|iPhone.Build.0 = Debug|Any CPU
		{F12C6311-1933-4171-9781-FAD9D124C7FD}.Debug|iPhone.Deploy.0 = Debug|Any CPU
		{F12C6311-1933-4171-9781-FAD9D124C7FD}.Debug|iPhoneSimulator.ActiveCfg = Debug|Any CPU
		{F12C6311-1933-4171-9781-FAD9D124C7FD}.Debug|iPhoneSimulator.Build.0 = Debug|Any CPU
		{F12C6311-1933-4171-9781-FAD9D124C7FD}.Debug|iPhoneSimulator.Deploy.0 = Debug|Any CPU
		{F12C6311-1933-4171-9781-FAD9D124C7FD}.Debug|x64.ActiveCfg = Debug|Any CPU
		{F12C6311-1933-4171-9781-FAD9D124C7FD}.Debug|x64.Build.0 = Debug|Any CPU
		{F12C6311-1933-4171-9781-FAD9D124C7FD}.Debug|x64.Deploy.0 = Debug|Any CPU
		{F12C6311-1933-4171-9781-FAD9D124C7FD}.Debug|x86.ActiveCfg = Debug|Any CPU
		{F12C6311-1933-4171-9781-FAD9D124C7FD}.Debug|x86.Build.0 = Debug|Any CPU
		{F12C6311-1933-4171-9781-FAD9D124C7FD}.Debug|x86.Deploy.0 = Debug|Any CPU
		{F12C6311-1933-4171-9781-FAD9D124C7FD}.Release|Any CPU.ActiveCfg = Release|Any CPU
		{F12C6311-1933-4171-9781-FAD9D124C7FD}.Release|Any CPU.Build.0 = Release|Any CPU
		{F12C6311-1933-4171-9781-FAD9D124C7FD}.Release|Any CPU.Deploy.0 = Release|Any CPU
		{F12C6311-1933-4171-9781-FAD9D124C7FD}.Release|ARM.ActiveCfg = Release|Any CPU
		{F12C6311-1933-4171-9781-FAD9D124C7FD}.Release|ARM.Build.0 = Release|Any CPU
		{F12C6311-1933-4171-9781-FAD9D124C7FD}.Release|ARM.Deploy.0 = Release|Any CPU
		{F12C6311-1933-4171-9781-FAD9D124C7FD}.Release|iPhone.ActiveCfg = Release|Any CPU
		{F12C6311-1933-4171-9781-FAD9D124C7FD}.Release|iPhone.Build.0 = Release|Any CPU
		{F12C6311-1933-4171-9781-FAD9D124C7FD}.Release|iPhone.Deploy.0 = Release|Any CPU
		{F12C6311-1933-4171-9781-FAD9D124C7FD}.Release|iPhoneSimulator.ActiveCfg = Release|Any CPU
		{F12C6311-1933-4171-9781-FAD9D124C7FD}.Release|iPhoneSimulator.Build.0 = Release|Any CPU
		{F12C6311-1933-4171-9781-FAD9D124C7FD}.Release|iPhoneSimulator.Deploy.0 = Release|Any CPU
		{F12C6311-1933-4171-9781-FAD9D124C7FD}.Release|x64.ActiveCfg = Release|Any CPU
		{F12C6311-1933-4171-9781-FAD9D124C7FD}.Release|x64.Build.0 = Release|Any CPU
		{F12C6311-1933-4171-9781-FAD9D124C7FD}.Release|x64.Deploy.0 = Release|Any CPU
		{F12C6311-1933-4171-9781-FAD9D124C7FD}.Release|x86.ActiveCfg = Release|Any CPU
		{F12C6311-1933-4171-9781-FAD9D124C7FD}.Release|x86.Build.0 = Release|Any CPU
		{F12C6311-1933-4171-9781-FAD9D124C7FD}.Release|x86.Deploy.0 = Release|Any CPU
		{202C67A5-FB4F-4382-9EF7-42EFD6E3163D}.Ad-Hoc|Any CPU.ActiveCfg = Release|Any CPU
		{202C67A5-FB4F-4382-9EF7-42EFD6E3163D}.Ad-Hoc|Any CPU.Build.0 = Release|Any CPU
		{202C67A5-FB4F-4382-9EF7-42EFD6E3163D}.Ad-Hoc|ARM.ActiveCfg = Release|Any CPU
		{202C67A5-FB4F-4382-9EF7-42EFD6E3163D}.Ad-Hoc|ARM.Build.0 = Release|Any CPU
		{202C67A5-FB4F-4382-9EF7-42EFD6E3163D}.Ad-Hoc|iPhone.ActiveCfg = Release|Any CPU
		{202C67A5-FB4F-4382-9EF7-42EFD6E3163D}.Ad-Hoc|iPhone.Build.0 = Release|Any CPU
		{202C67A5-FB4F-4382-9EF7-42EFD6E3163D}.Ad-Hoc|iPhoneSimulator.ActiveCfg = Release|Any CPU
		{202C67A5-FB4F-4382-9EF7-42EFD6E3163D}.Ad-Hoc|iPhoneSimulator.Build.0 = Release|Any CPU
		{202C67A5-FB4F-4382-9EF7-42EFD6E3163D}.Ad-Hoc|x64.ActiveCfg = Release|Any CPU
		{202C67A5-FB4F-4382-9EF7-42EFD6E3163D}.Ad-Hoc|x64.Build.0 = Release|Any CPU
		{202C67A5-FB4F-4382-9EF7-42EFD6E3163D}.Ad-Hoc|x86.ActiveCfg = Release|Any CPU
		{202C67A5-FB4F-4382-9EF7-42EFD6E3163D}.Ad-Hoc|x86.Build.0 = Release|Any CPU
		{202C67A5-FB4F-4382-9EF7-42EFD6E3163D}.AppStore|Any CPU.ActiveCfg = Release|Any CPU
		{202C67A5-FB4F-4382-9EF7-42EFD6E3163D}.AppStore|Any CPU.Build.0 = Release|Any CPU
		{202C67A5-FB4F-4382-9EF7-42EFD6E3163D}.AppStore|ARM.ActiveCfg = Release|Any CPU
		{202C67A5-FB4F-4382-9EF7-42EFD6E3163D}.AppStore|ARM.Build.0 = Release|Any CPU
		{202C67A5-FB4F-4382-9EF7-42EFD6E3163D}.AppStore|iPhone.ActiveCfg = Release|Any CPU
		{202C67A5-FB4F-4382-9EF7-42EFD6E3163D}.AppStore|iPhone.Build.0 = Release|Any CPU
		{202C67A5-FB4F-4382-9EF7-42EFD6E3163D}.AppStore|iPhoneSimulator.ActiveCfg = Release|Any CPU
		{202C67A5-FB4F-4382-9EF7-42EFD6E3163D}.AppStore|iPhoneSimulator.Build.0 = Release|Any CPU
		{202C67A5-FB4F-4382-9EF7-42EFD6E3163D}.AppStore|x64.ActiveCfg = Release|Any CPU
		{202C67A5-FB4F-4382-9EF7-42EFD6E3163D}.AppStore|x64.Build.0 = Release|Any CPU
		{202C67A5-FB4F-4382-9EF7-42EFD6E3163D}.AppStore|x86.ActiveCfg = Release|Any CPU
		{202C67A5-FB4F-4382-9EF7-42EFD6E3163D}.AppStore|x86.Build.0 = Release|Any CPU
		{202C67A5-FB4F-4382-9EF7-42EFD6E3163D}.Debug|Any CPU.ActiveCfg = Debug|Any CPU
		{202C67A5-FB4F-4382-9EF7-42EFD6E3163D}.Debug|Any CPU.Build.0 = Debug|Any CPU
		{202C67A5-FB4F-4382-9EF7-42EFD6E3163D}.Debug|ARM.ActiveCfg = Debug|Any CPU
		{202C67A5-FB4F-4382-9EF7-42EFD6E3163D}.Debug|ARM.Build.0 = Debug|Any CPU
		{202C67A5-FB4F-4382-9EF7-42EFD6E3163D}.Debug|iPhone.ActiveCfg = Debug|Any CPU
		{202C67A5-FB4F-4382-9EF7-42EFD6E3163D}.Debug|iPhone.Build.0 = Debug|Any CPU
		{202C67A5-FB4F-4382-9EF7-42EFD6E3163D}.Debug|iPhoneSimulator.ActiveCfg = Debug|Any CPU
		{202C67A5-FB4F-4382-9EF7-42EFD6E3163D}.Debug|iPhoneSimulator.Build.0 = Debug|Any CPU
		{202C67A5-FB4F-4382-9EF7-42EFD6E3163D}.Debug|x64.ActiveCfg = Debug|Any CPU
		{202C67A5-FB4F-4382-9EF7-42EFD6E3163D}.Debug|x64.Build.0 = Debug|Any CPU
		{202C67A5-FB4F-4382-9EF7-42EFD6E3163D}.Debug|x86.ActiveCfg = Debug|Any CPU
		{202C67A5-FB4F-4382-9EF7-42EFD6E3163D}.Debug|x86.Build.0 = Debug|Any CPU
		{202C67A5-FB4F-4382-9EF7-42EFD6E3163D}.Release|Any CPU.ActiveCfg = Release|Any CPU
		{202C67A5-FB4F-4382-9EF7-42EFD6E3163D}.Release|Any CPU.Build.0 = Release|Any CPU
		{202C67A5-FB4F-4382-9EF7-42EFD6E3163D}.Release|ARM.ActiveCfg = Release|Any CPU
		{202C67A5-FB4F-4382-9EF7-42EFD6E3163D}.Release|ARM.Build.0 = Release|Any CPU
		{202C67A5-FB4F-4382-9EF7-42EFD6E3163D}.Release|iPhone.ActiveCfg = Release|Any CPU
		{202C67A5-FB4F-4382-9EF7-42EFD6E3163D}.Release|iPhone.Build.0 = Release|Any CPU
		{202C67A5-FB4F-4382-9EF7-42EFD6E3163D}.Release|iPhoneSimulator.ActiveCfg = Release|Any CPU
		{202C67A5-FB4F-4382-9EF7-42EFD6E3163D}.Release|iPhoneSimulator.Build.0 = Release|Any CPU
		{202C67A5-FB4F-4382-9EF7-42EFD6E3163D}.Release|x64.ActiveCfg = Release|Any CPU
		{202C67A5-FB4F-4382-9EF7-42EFD6E3163D}.Release|x64.Build.0 = Release|Any CPU
		{202C67A5-FB4F-4382-9EF7-42EFD6E3163D}.Release|x86.ActiveCfg = Release|Any CPU
		{202C67A5-FB4F-4382-9EF7-42EFD6E3163D}.Release|x86.Build.0 = Release|Any CPU
		{6E5487D7-5864-4E63-B3D8-ED704A84C875}.Ad-Hoc|Any CPU.ActiveCfg = Release|x86
		{6E5487D7-5864-4E63-B3D8-ED704A84C875}.Ad-Hoc|Any CPU.Build.0 = Release|x86
		{6E5487D7-5864-4E63-B3D8-ED704A84C875}.Ad-Hoc|Any CPU.Deploy.0 = Release|x86
		{6E5487D7-5864-4E63-B3D8-ED704A84C875}.Ad-Hoc|ARM.ActiveCfg = Release|ARM
		{6E5487D7-5864-4E63-B3D8-ED704A84C875}.Ad-Hoc|ARM.Build.0 = Release|ARM
		{6E5487D7-5864-4E63-B3D8-ED704A84C875}.Ad-Hoc|ARM.Deploy.0 = Release|ARM
		{6E5487D7-5864-4E63-B3D8-ED704A84C875}.Ad-Hoc|iPhone.ActiveCfg = Release|x86
		{6E5487D7-5864-4E63-B3D8-ED704A84C875}.Ad-Hoc|iPhone.Build.0 = Release|x86
		{6E5487D7-5864-4E63-B3D8-ED704A84C875}.Ad-Hoc|iPhone.Deploy.0 = Release|x86
		{6E5487D7-5864-4E63-B3D8-ED704A84C875}.Ad-Hoc|iPhoneSimulator.ActiveCfg = Release|x86
		{6E5487D7-5864-4E63-B3D8-ED704A84C875}.Ad-Hoc|iPhoneSimulator.Build.0 = Release|x86
		{6E5487D7-5864-4E63-B3D8-ED704A84C875}.Ad-Hoc|iPhoneSimulator.Deploy.0 = Release|x86
		{6E5487D7-5864-4E63-B3D8-ED704A84C875}.Ad-Hoc|x64.ActiveCfg = Release|x64
		{6E5487D7-5864-4E63-B3D8-ED704A84C875}.Ad-Hoc|x64.Build.0 = Release|x64
		{6E5487D7-5864-4E63-B3D8-ED704A84C875}.Ad-Hoc|x64.Deploy.0 = Release|x64
		{6E5487D7-5864-4E63-B3D8-ED704A84C875}.Ad-Hoc|x86.ActiveCfg = Release|x86
		{6E5487D7-5864-4E63-B3D8-ED704A84C875}.Ad-Hoc|x86.Build.0 = Release|x86
		{6E5487D7-5864-4E63-B3D8-ED704A84C875}.Ad-Hoc|x86.Deploy.0 = Release|x86
		{6E5487D7-5864-4E63-B3D8-ED704A84C875}.AppStore|Any CPU.ActiveCfg = Release|x86
		{6E5487D7-5864-4E63-B3D8-ED704A84C875}.AppStore|Any CPU.Build.0 = Release|x86
		{6E5487D7-5864-4E63-B3D8-ED704A84C875}.AppStore|Any CPU.Deploy.0 = Release|x86
		{6E5487D7-5864-4E63-B3D8-ED704A84C875}.AppStore|ARM.ActiveCfg = Release|ARM
		{6E5487D7-5864-4E63-B3D8-ED704A84C875}.AppStore|ARM.Build.0 = Release|ARM
		{6E5487D7-5864-4E63-B3D8-ED704A84C875}.AppStore|ARM.Deploy.0 = Release|ARM
		{6E5487D7-5864-4E63-B3D8-ED704A84C875}.AppStore|iPhone.ActiveCfg = Release|x86
		{6E5487D7-5864-4E63-B3D8-ED704A84C875}.AppStore|iPhone.Build.0 = Release|x86
		{6E5487D7-5864-4E63-B3D8-ED704A84C875}.AppStore|iPhone.Deploy.0 = Release|x86
		{6E5487D7-5864-4E63-B3D8-ED704A84C875}.AppStore|iPhoneSimulator.ActiveCfg = Release|x86
		{6E5487D7-5864-4E63-B3D8-ED704A84C875}.AppStore|iPhoneSimulator.Build.0 = Release|x86
		{6E5487D7-5864-4E63-B3D8-ED704A84C875}.AppStore|iPhoneSimulator.Deploy.0 = Release|x86
		{6E5487D7-5864-4E63-B3D8-ED704A84C875}.AppStore|x64.ActiveCfg = Release|x64
		{6E5487D7-5864-4E63-B3D8-ED704A84C875}.AppStore|x64.Build.0 = Release|x64
		{6E5487D7-5864-4E63-B3D8-ED704A84C875}.AppStore|x64.Deploy.0 = Release|x64
		{6E5487D7-5864-4E63-B3D8-ED704A84C875}.AppStore|x86.ActiveCfg = Release|x86
		{6E5487D7-5864-4E63-B3D8-ED704A84C875}.AppStore|x86.Build.0 = Release|x86
		{6E5487D7-5864-4E63-B3D8-ED704A84C875}.AppStore|x86.Deploy.0 = Release|x86
		{6E5487D7-5864-4E63-B3D8-ED704A84C875}.Debug|Any CPU.ActiveCfg = Debug|x86
		{6E5487D7-5864-4E63-B3D8-ED704A84C875}.Debug|ARM.ActiveCfg = Debug|ARM
		{6E5487D7-5864-4E63-B3D8-ED704A84C875}.Debug|ARM.Build.0 = Debug|ARM
		{6E5487D7-5864-4E63-B3D8-ED704A84C875}.Debug|ARM.Deploy.0 = Debug|ARM
		{6E5487D7-5864-4E63-B3D8-ED704A84C875}.Debug|iPhone.ActiveCfg = Debug|x86
		{6E5487D7-5864-4E63-B3D8-ED704A84C875}.Debug|iPhoneSimulator.ActiveCfg = Debug|x86
		{6E5487D7-5864-4E63-B3D8-ED704A84C875}.Debug|x64.ActiveCfg = Debug|x64
		{6E5487D7-5864-4E63-B3D8-ED704A84C875}.Debug|x64.Build.0 = Debug|x64
		{6E5487D7-5864-4E63-B3D8-ED704A84C875}.Debug|x64.Deploy.0 = Debug|x64
		{6E5487D7-5864-4E63-B3D8-ED704A84C875}.Debug|x86.ActiveCfg = Debug|x86
		{6E5487D7-5864-4E63-B3D8-ED704A84C875}.Debug|x86.Build.0 = Debug|x86
		{6E5487D7-5864-4E63-B3D8-ED704A84C875}.Debug|x86.Deploy.0 = Debug|x86
		{6E5487D7-5864-4E63-B3D8-ED704A84C875}.Release|Any CPU.ActiveCfg = Release|x86
		{6E5487D7-5864-4E63-B3D8-ED704A84C875}.Release|ARM.ActiveCfg = Release|ARM
		{6E5487D7-5864-4E63-B3D8-ED704A84C875}.Release|ARM.Build.0 = Release|ARM
		{6E5487D7-5864-4E63-B3D8-ED704A84C875}.Release|ARM.Deploy.0 = Release|ARM
		{6E5487D7-5864-4E63-B3D8-ED704A84C875}.Release|iPhone.ActiveCfg = Release|x86
		{6E5487D7-5864-4E63-B3D8-ED704A84C875}.Release|iPhoneSimulator.ActiveCfg = Release|x86
		{6E5487D7-5864-4E63-B3D8-ED704A84C875}.Release|x64.ActiveCfg = Release|x64
		{6E5487D7-5864-4E63-B3D8-ED704A84C875}.Release|x64.Build.0 = Release|x64
		{6E5487D7-5864-4E63-B3D8-ED704A84C875}.Release|x64.Deploy.0 = Release|x64
		{6E5487D7-5864-4E63-B3D8-ED704A84C875}.Release|x86.ActiveCfg = Release|x86
		{6E5487D7-5864-4E63-B3D8-ED704A84C875}.Release|x86.Build.0 = Release|x86
		{6E5487D7-5864-4E63-B3D8-ED704A84C875}.Release|x86.Deploy.0 = Release|x86
		{05CA6AC9-ECC0-456F-8092-220D4846A899}.Ad-Hoc|Any CPU.ActiveCfg = Ad-Hoc|iPhone
		{05CA6AC9-ECC0-456F-8092-220D4846A899}.Ad-Hoc|ARM.ActiveCfg = Ad-Hoc|iPhone
		{05CA6AC9-ECC0-456F-8092-220D4846A899}.Ad-Hoc|iPhone.ActiveCfg = Ad-Hoc|iPhone
		{05CA6AC9-ECC0-456F-8092-220D4846A899}.Ad-Hoc|iPhone.Build.0 = Ad-Hoc|iPhone
		{05CA6AC9-ECC0-456F-8092-220D4846A899}.Ad-Hoc|iPhoneSimulator.ActiveCfg = Ad-Hoc|iPhoneSimulator
		{05CA6AC9-ECC0-456F-8092-220D4846A899}.Ad-Hoc|iPhoneSimulator.Build.0 = Ad-Hoc|iPhoneSimulator
		{05CA6AC9-ECC0-456F-8092-220D4846A899}.Ad-Hoc|x64.ActiveCfg = Ad-Hoc|iPhone
		{05CA6AC9-ECC0-456F-8092-220D4846A899}.Ad-Hoc|x86.ActiveCfg = Ad-Hoc|iPhone
		{05CA6AC9-ECC0-456F-8092-220D4846A899}.AppStore|Any CPU.ActiveCfg = AppStore|iPhone
		{05CA6AC9-ECC0-456F-8092-220D4846A899}.AppStore|ARM.ActiveCfg = AppStore|iPhone
		{05CA6AC9-ECC0-456F-8092-220D4846A899}.AppStore|iPhone.ActiveCfg = AppStore|iPhone
		{05CA6AC9-ECC0-456F-8092-220D4846A899}.AppStore|iPhone.Build.0 = AppStore|iPhone
		{05CA6AC9-ECC0-456F-8092-220D4846A899}.AppStore|iPhoneSimulator.ActiveCfg = AppStore|iPhoneSimulator
		{05CA6AC9-ECC0-456F-8092-220D4846A899}.AppStore|iPhoneSimulator.Build.0 = AppStore|iPhoneSimulator
		{05CA6AC9-ECC0-456F-8092-220D4846A899}.AppStore|x64.ActiveCfg = AppStore|iPhone
		{05CA6AC9-ECC0-456F-8092-220D4846A899}.AppStore|x86.ActiveCfg = AppStore|iPhone
		{05CA6AC9-ECC0-456F-8092-220D4846A899}.Debug|Any CPU.ActiveCfg = Debug|iPhone
		{05CA6AC9-ECC0-456F-8092-220D4846A899}.Debug|ARM.ActiveCfg = Debug|iPhone
		{05CA6AC9-ECC0-456F-8092-220D4846A899}.Debug|iPhone.ActiveCfg = Debug|iPhone
		{05CA6AC9-ECC0-456F-8092-220D4846A899}.Debug|iPhone.Build.0 = Debug|iPhone
		{05CA6AC9-ECC0-456F-8092-220D4846A899}.Debug|iPhoneSimulator.ActiveCfg = Debug|iPhoneSimulator
		{05CA6AC9-ECC0-456F-8092-220D4846A899}.Debug|iPhoneSimulator.Build.0 = Debug|iPhoneSimulator
		{05CA6AC9-ECC0-456F-8092-220D4846A899}.Debug|x64.ActiveCfg = Debug|iPhone
		{05CA6AC9-ECC0-456F-8092-220D4846A899}.Debug|x86.ActiveCfg = Debug|iPhone
		{05CA6AC9-ECC0-456F-8092-220D4846A899}.Release|Any CPU.ActiveCfg = Release|iPhone
		{05CA6AC9-ECC0-456F-8092-220D4846A899}.Release|ARM.ActiveCfg = Release|iPhone
		{05CA6AC9-ECC0-456F-8092-220D4846A899}.Release|iPhone.ActiveCfg = Release|iPhone
		{05CA6AC9-ECC0-456F-8092-220D4846A899}.Release|iPhone.Build.0 = Release|iPhone
		{05CA6AC9-ECC0-456F-8092-220D4846A899}.Release|iPhoneSimulator.ActiveCfg = Release|iPhoneSimulator
		{05CA6AC9-ECC0-456F-8092-220D4846A899}.Release|iPhoneSimulator.Build.0 = Release|iPhoneSimulator
		{05CA6AC9-ECC0-456F-8092-220D4846A899}.Release|x64.ActiveCfg = Release|iPhone
		{05CA6AC9-ECC0-456F-8092-220D4846A899}.Release|x86.ActiveCfg = Release|iPhone
	EndGlobalSection
	GlobalSection(SolutionProperties) = preSolution
		HideSolutionNode = FALSE
	EndGlobalSection
EndGlobal
